{
  "version": 4,
  "terraform_version": "1.6.6",
  "serial": 3,
  "lineage": "29a27931-c055-783b-87de-f305b8d1faa4",
  "outputs": {},
  "resources": [
    {
      "mode": "managed",
      "type": "aws_instance",
      "name": "dove_inst",
      "provider": "provider[\"registry.terraform.io/hashicorp/aws\"]",
      "instances": [
        {
          "schema_version": 1,
          "attributes": {
            "ami": "ami-079db87dc4c10ac91",
            "arn": "arn:aws:ec2:us-east-1:758412892680:instance/i-0463becc26f42b4eb",
            "associate_public_ip_address": true,
            "availability_zone": "us-east-1a",
            "capacity_reservation_specification": [
              {
                "capacity_reservation_preference": "open",
                "capacity_reservation_target": []
              }
            ],
            "cpu_core_count": 1,
            "cpu_options": [
              {
                "amd_sev_snp": "",
                "core_count": 1,
                "threads_per_core": 1
              }
            ],
            "cpu_threads_per_core": 1,
            "credit_specification": [
              {
                "cpu_credits": "standard"
              }
            ],
            "disable_api_stop": false,
            "disable_api_termination": false,
            "ebs_block_device": [],
            "ebs_optimized": false,
            "enclave_options": [
              {
                "enabled": false
              }
            ],
            "ephemeral_block_device": [],
            "get_password_data": false,
            "hibernation": false,
            "host_id": "",
            "host_resource_group_arn": null,
            "iam_instance_profile": "",
            "id": "i-0463becc26f42b4eb",
            "instance_initiated_shutdown_behavior": "stop",
            "instance_lifecycle": "",
            "instance_market_options": [],
            "instance_state": "running",
            "instance_type": "t2.micro",
            "ipv6_address_count": 0,
            "ipv6_addresses": [],
            "key_name": "dovekey",
            "launch_template": [],
            "maintenance_options": [
              {
                "auto_recovery": "default"
              }
            ],
            "metadata_options": [
              {
                "http_endpoint": "enabled",
                "http_protocol_ipv6": "disabled",
                "http_put_response_hop_limit": 2,
                "http_tokens": "required",
                "instance_metadata_tags": "disabled"
              }
            ],
            "monitoring": false,
            "network_interface": [],
            "outpost_arn": "",
            "password_data": "",
            "placement_group": "",
            "placement_partition_number": 0,
            "primary_network_interface_id": "eni-03efb869916b3d211",
            "private_dns": "ip-172-31-92-160.ec2.internal",
            "private_dns_name_options": [
              {
                "enable_resource_name_dns_a_record": false,
                "enable_resource_name_dns_aaaa_record": false,
                "hostname_type": "ip-name"
              }
            ],
            "private_ip": "172.31.92.160",
            "public_dns": "ec2-44-211-64-245.compute-1.amazonaws.com",
            "public_ip": "44.211.64.245",
            "root_block_device": [
              {
                "delete_on_termination": true,
                "device_name": "/dev/xvda",
                "encrypted": false,
                "iops": 3000,
                "kms_key_id": "",
                "tags": {},
                "throughput": 125,
                "volume_id": "vol-0833e1bc451d4b334",
                "volume_size": 8,
                "volume_type": "gp3"
              }
            ],
            "secondary_private_ips": [],
            "security_groups": [
              "terraform-sg"
            ],
            "source_dest_check": true,
            "spot_instance_request_id": "",
            "subnet_id": "subnet-0f82c5f3213ae53b2",
            "tags": {
              "Name": "Terraform-instance",
              "Project": "Vproapp"
            },
            "tags_all": {
              "Name": "Terraform-instance",
              "Project": "Vproapp"
            },
            "tenancy": "default",
            "timeouts": null,
            "user_data": null,
            "user_data_base64": null,
            "user_data_replace_on_change": false,
            "volume_tags": null,
            "vpc_security_group_ids": [
              "sg-0deec4d9fb7615516"
            ]
          },
          "sensitive_attributes": [],
          "private": "eyJlMmJmYjczMC1lY2FhLTExZTYtOGY4OC0zNDM2M2JjN2M0YzAiOnsiY3JlYXRlIjo2MDAwMDAwMDAwMDAsImRlbGV0ZSI6MTIwMDAwMDAwMDAwMCwidXBkYXRlIjo2MDAwMDAwMDAwMDB9LCJzY2hlbWFfdmVyc2lvbiI6IjEifQ==",
          "dependencies": [
            "aws_key_pair.dove-key"
          ]
        }
      ]
    },
    {
      "mode": "managed",
      "type": "aws_key_pair",
      "name": "dove-key",
      "provider": "provider[\"registry.terraform.io/hashicorp/aws\"]",
      "instances": [
        {
          "schema_version": 1,
          "attributes": {
            "arn": "arn:aws:ec2:us-east-1:758412892680:key-pair/dovekey",
            "fingerprint": "75:b8:1e:aa:83:b1:f4:65:cb:bc:80:8a:62:42:25:be",
            "id": "dovekey",
            "key_name": "dovekey",
            "key_name_prefix": "",
            "key_pair_id": "key-05685cb07ed2c5809",
            "key_type": "rsa",
            "public_key": "ssh-rsa AAAAB3NzaC1yc2EAAAADAQABAAABgQCpF643Xu8yxVXlR3PHCnMF09AJQnNFCwwWgD3tABLZIbfV6E5bklqZoX6WBa1aoq/LzfZgwGr/eJ2llu8OnI6HdT6/VuCMtKXLEt+JKFFNqp2WzTthSxVKCZSq8l2GOViIAKTX8yXKAXihB4I4yIlgub7Q1MNNEAxxvQCnOUHDnT0N/xZI3vYfk0ZlwZvdPAWxwC5/K38jAHpUu98XmRc3lgobTDzrAn0VISwsHuFn5JQCNMoq6NossygVfHjPW5OaF1J15xFQ1UIFvF0DZ2RS01Gbmwu1UK9CWF44OVIKE3q7tJNbZbub1iY1Um6ECPn2Zn4TCTXayB5yAVTn4B+2eXfuBqCAq7iHqhYOITHgFwPG1iXu1oEaGeZOYux3d0CIl4RI7dpAVsLpC5W0ijbddrwFAiwRO6smzGfOZVbW2/n7XcIEjQ49eoAul4VeTXfTaGAjkFhvMqAP+ATFufow+Yqh+yHvD38SH40A2HFK4iEO4zp1lVwzVvHO8nV9jwM= luiggi@luiggi",
            "tags": null,
            "tags_all": {}
          },
          "sensitive_attributes": [],
          "private": "eyJzY2hlbWFfdmVyc2lvbiI6IjEifQ=="
        }
      ]
    }
  ],
  "check_results": null
}
